
Microsoft Visual Studio Solution File, Format Version 12.00
# Visual Studio Version 16
VisualStudioVersion = 16.0.29411.108
MinimumVisualStudioVersion = 10.0.40219.1
Project("{FAE04EC0-301F-11D3-BF4B-00C04F79EFBC}") = "SearchForFilesAndGuptaPlaces", "SearchForFilesAndGuptaPlaces\SearchForFilesAndGuptaPlaces.csproj", "{49781E4F-02EB-4274-9FE2-35424D7D057D}"
EndProject
Project("{FAE04EC0-301F-11D3-BF4B-00C04F79EFBC}") = "SearchForFilesAndGuptaPlaces.Tests", "SearchForFilesAndGuptaPlaces.Tests\SearchForFilesAndGuptaPlaces.Tests.csproj", "{7B32F167-3172-48BD-A8C9-A86571D298B9}"
EndProject
Project("{2150E333-8FDC-42A3-9474-1A3956D46DE8}") = "Tests", "Tests", "{84445519-856B-410A-A6E8-7038B80C3C8C}"
EndProject
Global
	GlobalSection(SolutionConfigurationPlatforms) = preSolution
		Debug|Any CPU = Debug|Any CPU
		Release|Any CPU = Release|Any CPU
	EndGlobalSection
	GlobalSection(ProjectConfigurationPlatforms) = postSolution
		{49781E4F-02EB-4274-9FE2-35424D7D057D}.Debug|Any CPU.ActiveCfg = Debug|Any CPU
		{49781E4F-02EB-4274-9FE2-35424D7D057D}.Debug|Any CPU.Build.0 = Debug|Any CPU
		{49781E4F-02EB-4274-9FE2-35424D7D057D}.Release|Any CPU.ActiveCfg = Release|Any CPU
		{49781E4F-02EB-4274-9FE2-35424D7D057D}.Release|Any CPU.Build.0 = Release|Any CPU
		{7B32F167-3172-48BD-A8C9-A86571D298B9}.Debug|Any CPU.ActiveCfg = Debug|Any CPU
		{7B32F167-3172-48BD-A8C9-A86571D298B9}.Debug|Any CPU.Build.0 = Debug|Any CPU
		{7B32F167-3172-48BD-A8C9-A86571D298B9}.Release|Any CPU.ActiveCfg = Release|Any CPU
		{7B32F167-3172-48BD-A8C9-A86571D298B9}.Release|Any CPU.Build.0 = Release|Any CPU
	EndGlobalSection
	GlobalSection(SolutionProperties) = preSolution
		HideSolutionNode = FALSE
	EndGlobalSection
	GlobalSection(NestedProjects) = preSolution
		{7B32F167-3172-48BD-A8C9-A86571D298B9} = {84445519-856B-410A-A6E8-7038B80C3C8C}
	EndGlobalSection
	GlobalSection(ExtensibilityGlobals) = postSolution
		SolutionGuid = {C48D9002-E1F9-475E-94BF-30593DE4C36F}
	EndGlobalSection
EndGlobal
